
Microsoft Visual Studio Solution File, Format Version 12.00
# Visual Studio Version 17
VisualStudioVersion = 17.9.34714.143
MinimumVisualStudioVersion = 10.0.40219.1
Project("{FAE04EC0-301F-11D3-BF4B-00C04F79EFBC}") = "google-api-chat", "google-api-chat\google-api-chat.csproj", "{B5D5DD57-96D0-4E3D-BFE4-B68037BA0832}"
EndProject
Global
	GlobalSection(SolutionConfigurationPlatforms) = preSolution
		Debug|Any CPU = Debug|Any CPU
		Release|Any CPU = Release|Any CPU
	EndGlobalSection
	GlobalSection(ProjectConfigurationPlatforms) = postSolution
		{B5D5DD57-96D0-4E3D-BFE4-B68037BA0832}.Debug|Any CPU.ActiveCfg = Debug|Any CPU
		{B5D5DD57-96D0-4E3D-BFE4-B68037BA0832}.Debug|Any CPU.Build.0 = Debug|Any CPU
		{B5D5DD57-96D0-4E3D-BFE4-B68037BA0832}.Release|Any CPU.ActiveCfg = Release|Any CPU
		{B5D5DD57-96D0-4E3D-BFE4-B68037BA0832}.Release|Any CPU.Build.0 = Release|Any CPU
	EndGlobalSection
	GlobalSection(SolutionProperties) = preSolution
		HideSolutionNode = FALSE
	EndGlobalSection
	GlobalSection(ExtensibilityGlobals) = postSolution
		SolutionGuid = {F5FCFE3B-125C-428A-B886-4FF056FDF6A9}
	EndGlobalSection
EndGlobal
